PODS:
  - fishhook (0.2)
  - LookinServer (1.2.8):
    - LookinServer/Core (= 1.2.8)
  - LookinServer/Core (1.2.8)
  - Masonry (1.1.0)
  - ReactiveObjC (3.1.1)
  - TMUIComponents (0.1.0):
    - Masonry
    - TMUIComponents/TMActionSheet (= 0.1.0)
    - TMUIComponents/TMContentAlert (= 0.1.0)
    - TMUIComponents/TMContentPicker (= 0.1.0)
    - TMUIComponents/TMPopoverView (= 0.1.0)
    - TMUIComponents/TMSearchController (= 0.1.0)
    - TMUIComponents/TMShowBigImageController (= 0.1.0)
    - TMUIComponents/TMUIAppearance (= 0.1.0)
    - TMUIComponents/TMUIBadge (= 0.1.0)
    - TMUIComponents/TMUICellHeightCache (= 0.1.0)
    - TMUIComponents/TMUICycleView (= 0.1.0)
    - TMUIComponents/TMUIExpandLabel (= 0.1.0)
    - TMUIComponents/TMUIFilterView (= 0.1.0)
    - TMUIComponents/TMUIFloatImagesView (= 0.1.0)
    - TMUIComponents/TMUIFloatLayoutView (= 0.1.0)
    - TMUIComponents/TMUIMenuView (= 0.1.0)
    - TMUIComponents/TMUIModalPresentationViewController (= 0.1.0)
    - TMUIComponents/TMUIMultipleDelegates (= 0.1.0)
    - TMUIComponents/TMUINavigationBar (= 0.1.0)
    - TMUIComponents/TMUIPageViewController (= 0.1.0)
    - TMUIComponents/TMUIPickerView (= 0.1.0)
    - TMUIComponents/TMUIPopupContainerView (= 0.1.0)
    - TMUIComponents/TMUISearchBar (= 0.1.0)
    - TMUIComponents/TMUISegmentView (= 0.1.0)
    - TMUIComponents/TMUITableView (= 0.1.0)
    - TMUIComponents/TMUITimer (= 0.1.0)
    - TMUIComponents/TMUIToast (= 0.1.0)
    - TMUIComponents/TMUIWidgets (= 0.1.0)
    - TMUICore
    - TMUIExtensions
  - TMUIComponents/TMActionSheet (0.1.0):
    - Masonry
    - TMUICore
    - TMUIExtensions
  - TMUIComponents/TMContentAlert (0.1.0):
    - Masonry
    - TMUICore
    - TMUIExtensions
  - TMUIComponents/TMContentPicker (0.1.0):
    - Masonry
    - TMUIComponents/TMContentPicker/TMCityPicker (= 0.1.0)
    - TMUIComponents/TMContentPicker/TMDatePicker (= 0.1.0)
    - TMUIComponents/TMContentPicker/TMMultiDataPicker (= 0.1.0)
    - TMUIComponents/TMContentPicker/TMNormalPicker (= 0.1.0)
    - TMUICore
    - TMUIExtensions
  - TMUIComponents/TMContentPicker/TMCityPicker (0.1.0):
    - Masonry
    - TMUICore
    - TMUIExtensions
  - TMUIComponents/TMContentPicker/TMDatePicker (0.1.0):
    - Masonry
    - TMUICore
    - TMUIExtensions
  - TMUIComponents/TMContentPicker/TMMultiDataPicker (0.1.0):
    - Masonry
    - TMUICore
    - TMUIExtensions
  - TMUIComponents/TMContentPicker/TMNormalPicker (0.1.0):
    - Masonry
    - TMUICore
    - TMUIExtensions
  - TMUIComponents/TMPopoverView (0.1.0):
    - Masonry
    - TMUICore
    - TMUIExtensions
  - TMUIComponents/TMSearchController (0.1.0):
    - Masonry
    - TMUIComponents/TMSearchController/Extensions (= 0.1.0)
    - TMUIComponents/TMSearchController/Private (= 0.1.0)
    - TMUICore
    - TMUIExtensions
  - TMUIComponents/TMSearchController/Extensions (0.1.0):
    - Masonry
    - TMUICore
    - TMUIExtensions
  - TMUIComponents/TMSearchController/Private (0.1.0):
    - Masonry
    - TMUICore
    - TMUIExtensions
  - TMUIComponents/TMShowBigImageController (0.1.0):
    - Masonry
    - TMUICore
    - TMUIExtensions
  - TMUIComponents/TMUIAppearance (0.1.0):
    - Masonry
    - TMUICore
    - TMUIExtensions
  - TMUIComponents/TMUIBadge (0.1.0):
    - Masonry
    - TMUICore
    - TMUIExtensions
  - TMUIComponents/TMUICellHeightCache (0.1.0):
    - Masonry
    - TMUICore
    - TMUIExtensions
  - TMUIComponents/TMUICycleView (0.1.0):
    - Masonry
    - TMUICore
    - TMUIExtensions
  - TMUIComponents/TMUIExpandLabel (0.1.0):
    - Masonry
    - TMUICore
    - TMUIExtensions
  - TMUIComponents/TMUIFilterView (0.1.0):
    - Masonry
    - TMUICore
    - TMUIExtensions
  - TMUIComponents/TMUIFloatImagesView (0.1.0):
    - Masonry
    - TMUICore
    - TMUIExtensions
  - TMUIComponents/TMUIFloatLayoutView (0.1.0):
    - Masonry
    - TMUICore
    - TMUIExtensions
  - TMUIComponents/TMUIMenuView (0.1.0):
    - Masonry
    - TMUICore
    - TMUIExtensions
  - TMUIComponents/TMUIModalPresentationViewController (0.1.0):
    - Masonry
    - TMUICore
    - TMUIExtensions
  - TMUIComponents/TMUIMultipleDelegates (0.1.0):
    - Masonry
    - TMUICore
    - TMUIExtensions
  - TMUIComponents/TMUINavigationBar (0.1.0):
    - Masonry
    - TMUICore
    - TMUIExtensions
  - TMUIComponents/TMUIPageViewController (0.1.0):
    - Masonry
    - TMUICore
    - TMUIExtensions
  - TMUIComponents/TMUIPickerView (0.1.0):
    - Masonry
    - TMUICore
    - TMUIExtensions
  - TMUIComponents/TMUIPopupContainerView (0.1.0):
    - Masonry
    - TMUICore
    - TMUIExtensions
  - TMUIComponents/TMUISearchBar (0.1.0):
    - Masonry
    - TMUICore
    - TMUIExtensions
  - TMUIComponents/TMUISegmentView (0.1.0):
    - Masonry
    - TMUICore
    - TMUIExtensions
  - TMUIComponents/TMUITableView (0.1.0):
    - Masonry
    - TMUICore
    - TMUIExtensions
  - TMUIComponents/TMUITimer (0.1.0):
    - Masonry
    - TMUICore
    - TMUIExtensions
  - TMUIComponents/TMUIToast (0.1.0):
    - Masonry
    - TMUICore
    - TMUIExtensions
  - TMUIComponents/TMUIWidgets (0.1.0):
    - Masonry
    - TMUIComponents/TMUIWidgets/TMUIButton (= 0.1.0)
    - TMUIComponents/TMUIWidgets/TMUILabel (= 0.1.0)
    - TMUIComponents/TMUIWidgets/TMUISegmentedControl (= 0.1.0)
    - TMUIComponents/TMUIWidgets/TMUISlider (= 0.1.0)
    - TMUIComponents/TMUIWidgets/TMUITextField (= 0.1.0)
    - TMUIComponents/TMUIWidgets/TMUITextView (= 0.1.0)
    - TMUICore
    - TMUIExtensions
  - TMUIComponents/TMUIWidgets/TMUIButton (0.1.0):
    - Masonry
    - TMUICore
    - TMUIExtensions
  - TMUIComponents/TMUIWidgets/TMUILabel (0.1.0):
    - Masonry
    - TMUICore
    - TMUIExtensions
  - TMUIComponents/TMUIWidgets/TMUISegmentedControl (0.1.0):
    - Masonry
    - TMUICore
    - TMUIExtensions
  - TMUIComponents/TMUIWidgets/TMUISlider (0.1.0):
    - Masonry
    - TMUICore
    - TMUIExtensions
  - TMUIComponents/TMUIWidgets/TMUITextField (0.1.0):
    - Masonry
    - TMUICore
    - TMUIExtensions
  - TMUIComponents/TMUIWidgets/TMUITextView (0.1.0):
    - Masonry
    - TMUICore
    - TMUIExtensions
  - TMUICore (2.0.8)
  - TMUIExtensions (2.0.6):
    - TMUICore
    - TMUIExtensions/Foundation (= 2.0.6)
    - TMUIExtensions/UIKit (= 2.0.6)
  - TMUIExtensions/Foundation (2.0.6):
    - TMUICore
  - TMUIExtensions/UIKit (2.0.6):
    - TMUICore
    - TMUIExtensions/Foundation

DEPENDENCIES:
  - fishhook
  - LookinServer
  - Masonry
  - ReactiveObjC
  - TMUIComponents (from `https://github.com/chengzongxin/TMUIComponents.git`)
  - TMUICore (from `https://github.com/chengzongxin/TMUICore.git`)
  - TMUIExtensions (from `https://github.com/chengzongxin/TMUIExtensions.git`)

SPEC REPOS:
  trunk:
    - fishhook
    - LookinServer
    - Masonry
    - ReactiveObjC

EXTERNAL SOURCES:
  TMUIComponents:
    :git: https://github.com/chengzongxin/TMUIComponents.git
  TMUICore:
    :git: https://github.com/chengzongxin/TMUICore.git
  TMUIExtensions:
    :git: https://github.com/chengzongxin/TMUIExtensions.git

CHECKOUT OPTIONS:
  TMUIComponents:
    :commit: 542a8104d8d7edfa1235f005f537af75658bdd00
    :git: https://github.com/chengzongxin/TMUIComponents.git
  TMUICore:
    :commit: bdd13b1f20388360b354c897d920a0a2b9e5ccd2
    :git: https://github.com/chengzongxin/TMUICore.git
  TMUIExtensions:
    :commit: 496a08981c2b72439903fef89cbdc1c28954a58d
    :git: https://github.com/chengzongxin/TMUIExtensions.git

SPEC CHECKSUMS:
  fishhook: ea19933abfe8f2f52c55fd8b6e2718467d3ebc89
  LookinServer: 1b2b61c6402ae29fa22182d48f5cd067b4e99e80
  Masonry: 678fab65091a9290e40e2832a55e7ab731aad201
  ReactiveObjC: 011caa393aa0383245f2dcf9bf02e86b80b36040
  TMUIComponents: c4caa4e0e396d810359d202b14942664899839b8
  TMUICore: a2139700c097b215cff249934dc3ab7a86418d07
  TMUIExtensions: f814dcdcc5030825e0e9f48bf0087db9b5939925

PODFILE CHECKSUM: 1efa90e3dc08c566ee5bacdd0318490bf0e6504a

COCOAPODS: 1.15.2
