// !$*UTF8*$!
{
	archiveVersion = 1;
	classes = {
	};
	objectVersion = 56;
	objects = {

/* Begin PBXBuildFile section */
		01E16E14FAD4B31961752D8A /* libPods-RentalGaming.a in Frameworks */ = {isa = PBXBuildFile; fileRef = B6403305375C022CFD1525B2 /* libPods-RentalGaming.a */; };
		233CEE3B5ECD28909337F3C2 /* libPods-RentalGamingTests.a in Frameworks */ = {isa = PBXBuildFile; fileRef = 6B88D20343CA21E0F68C839B /* libPods-RentalGamingTests.a */; };
		38FF7E1A89E785A9BED7B03D /* libPods-RentalGaming-RentalGamingUITests.a in Frameworks */ = {isa = PBXBuildFile; fileRef = 1F43571F6D529FD0A386D4CF /* libPods-RentalGaming-RentalGamingUITests.a */; };
		8F7BC73F2C5A3A8A00237A52 /* AppDelegate.m in Sources */ = {isa = PBXBuildFile; fileRef = 8F7BC73E2C5A3A8A00237A52 /* AppDelegate.m */; };
		8F7BC7422C5A3A8A00237A52 /* SceneDelegate.m in Sources */ = {isa = PBXBuildFile; fileRef = 8F7BC7412C5A3A8A00237A52 /* SceneDelegate.m */; };
		8F7BC7482C5A3A8A00237A52 /* Base in Resources */ = {isa = PBXBuildFile; fileRef = 8F7BC7472C5A3A8A00237A52 /* Base */; };
		8F7BC74A2C5A3A8C00237A52 /* Assets.xcassets in Resources */ = {isa = PBXBuildFile; fileRef = 8F7BC7492C5A3A8C00237A52 /* Assets.xcassets */; };
		8F7BC74D2C5A3A8C00237A52 /* Base in Resources */ = {isa = PBXBuildFile; fileRef = 8F7BC74C2C5A3A8C00237A52 /* Base */; };
		8F7BC7502C5A3A8C00237A52 /* main.m in Sources */ = {isa = PBXBuildFile; fileRef = 8F7BC74F2C5A3A8C00237A52 /* main.m */; };
		8F7BC75A2C5A3A8C00237A52 /* RentalGamingTests.m in Sources */ = {isa = PBXBuildFile; fileRef = 8F7BC7592C5A3A8C00237A52 /* RentalGamingTests.m */; };
		8F7BC7642C5A3A8C00237A52 /* RentalGamingUITests.m in Sources */ = {isa = PBXBuildFile; fileRef = 8F7BC7632C5A3A8C00237A52 /* RentalGamingUITests.m */; };
		8F7BC7662C5A3A8C00237A52 /* RentalGamingUITestsLaunchTests.m in Sources */ = {isa = PBXBuildFile; fileRef = 8F7BC7652C5A3A8C00237A52 /* RentalGamingUITestsLaunchTests.m */; };
		8FBFB6D92C5A5EB60042FA0A /* HomeViewController.m in Sources */ = {isa = PBXBuildFile; fileRef = 8FBFB6D82C5A5EB60042FA0A /* HomeViewController.m */; };
		8FBFB6DC2C5A5EBE0042FA0A /* HotViewController.m in Sources */ = {isa = PBXBuildFile; fileRef = 8FBFB6DB2C5A5EBE0042FA0A /* HotViewController.m */; };
		8FBFB6E42C5A5F150042FA0A /* CartViewController.m in Sources */ = {isa = PBXBuildFile; fileRef = 8FBFB6E32C5A5F150042FA0A /* CartViewController.m */; };
		8FBFB6E72C5A5F1D0042FA0A /* MeViewController.m in Sources */ = {isa = PBXBuildFile; fileRef = 8FBFB6E62C5A5F1D0042FA0A /* MeViewController.m */; };
		8FBFB6EB2C5A60B70042FA0A /* TabBarViewController.m in Sources */ = {isa = PBXBuildFile; fileRef = 8FBFB6EA2C5A60B70042FA0A /* TabBarViewController.m */; };
		8FBFB6FA2C5BC33D0042FA0A /* HomeRecommendCell.m in Sources */ = {isa = PBXBuildFile; fileRef = 8FBFB6F92C5BC33D0042FA0A /* HomeRecommendCell.m */; };
		8FBFB6FD2C5BC34C0042FA0A /* HomeCustomizeCell.m in Sources */ = {isa = PBXBuildFile; fileRef = 8FBFB6FC2C5BC34C0042FA0A /* HomeCustomizeCell.m */; };
/* End PBXBuildFile section */

/* Begin PBXContainerItemProxy section */
		8F7BC7562C5A3A8C00237A52 /* PBXContainerItemProxy */ = {
			isa = PBXContainerItemProxy;
			containerPortal = 8F7BC7322C5A3A8A00237A52 /* Project object */;
			proxyType = 1;
			remoteGlobalIDString = 8F7BC7392C5A3A8A00237A52;
			remoteInfo = RentalGaming;
		};
		8F7BC7602C5A3A8C00237A52 /* PBXContainerItemProxy */ = {
			isa = PBXContainerItemProxy;
			containerPortal = 8F7BC7322C5A3A8A00237A52 /* Project object */;
			proxyType = 1;
			remoteGlobalIDString = 8F7BC7392C5A3A8A00237A52;
			remoteInfo = RentalGaming;
		};
/* End PBXContainerItemProxy section */

/* Begin PBXFileReference section */
		01AC2134F414CA8FA9E71610 /* Pods-RentalGaming.debug.xcconfig */ = {isa = PBXFileReference; includeInIndex = 1; lastKnownFileType = text.xcconfig; name = "Pods-RentalGaming.debug.xcconfig"; path = "Target Support Files/Pods-RentalGaming/Pods-RentalGaming.debug.xcconfig"; sourceTree = "<group>"; };
		0FC6782B59BA967313C42AAB /* Pods-RentalGaming-RentalGamingUITests.release.xcconfig */ = {isa = PBXFileReference; includeInIndex = 1; lastKnownFileType = text.xcconfig; name = "Pods-RentalGaming-RentalGamingUITests.release.xcconfig"; path = "Target Support Files/Pods-RentalGaming-RentalGamingUITests/Pods-RentalGaming-RentalGamingUITests.release.xcconfig"; sourceTree = "<group>"; };
		1F43571F6D529FD0A386D4CF /* libPods-RentalGaming-RentalGamingUITests.a */ = {isa = PBXFileReference; explicitFileType = archive.ar; includeInIndex = 0; path = "libPods-RentalGaming-RentalGamingUITests.a"; sourceTree = BUILT_PRODUCTS_DIR; };
		29BF5175149D19D1C385B04C /* Pods-RentalGaming-RentalGamingUITests.debug.xcconfig */ = {isa = PBXFileReference; includeInIndex = 1; lastKnownFileType = text.xcconfig; name = "Pods-RentalGaming-RentalGamingUITests.debug.xcconfig"; path = "Target Support Files/Pods-RentalGaming-RentalGamingUITests/Pods-RentalGaming-RentalGamingUITests.debug.xcconfig"; sourceTree = "<group>"; };
		42BD56315D437FFB3CE5432B /* Pods-RentalGamingTests.debug.xcconfig */ = {isa = PBXFileReference; includeInIndex = 1; lastKnownFileType = text.xcconfig; name = "Pods-RentalGamingTests.debug.xcconfig"; path = "Target Support Files/Pods-RentalGamingTests/Pods-RentalGamingTests.debug.xcconfig"; sourceTree = "<group>"; };
		6B88D20343CA21E0F68C839B /* libPods-RentalGamingTests.a */ = {isa = PBXFileReference; explicitFileType = archive.ar; includeInIndex = 0; path = "libPods-RentalGamingTests.a"; sourceTree = BUILT_PRODUCTS_DIR; };
		8F7BC73A2C5A3A8A00237A52 /* RentalGaming.app */ = {isa = PBXFileReference; explicitFileType = wrapper.application; includeInIndex = 0; path = RentalGaming.app; sourceTree = BUILT_PRODUCTS_DIR; };
		8F7BC73D2C5A3A8A00237A52 /* AppDelegate.h */ = {isa = PBXFileReference; lastKnownFileType = sourcecode.c.h; path = AppDelegate.h; sourceTree = "<group>"; };
		8F7BC73E2C5A3A8A00237A52 /* AppDelegate.m */ = {isa = PBXFileReference; lastKnownFileType = sourcecode.c.objc; path = AppDelegate.m; sourceTree = "<group>"; };
		8F7BC7402C5A3A8A00237A52 /* SceneDelegate.h */ = {isa = PBXFileReference; lastKnownFileType = sourcecode.c.h; path = SceneDelegate.h; sourceTree = "<group>"; };
		8F7BC7412C5A3A8A00237A52 /* SceneDelegate.m */ = {isa = PBXFileReference; lastKnownFileType = sourcecode.c.objc; path = SceneDelegate.m; sourceTree = "<group>"; };
		8F7BC7472C5A3A8A00237A52 /* Base */ = {isa = PBXFileReference; lastKnownFileType = file.storyboard; name = Base; path = Base.lproj/Main.storyboard; sourceTree = "<group>"; };
		8F7BC7492C5A3A8C00237A52 /* Assets.xcassets */ = {isa = PBXFileReference; lastKnownFileType = folder.assetcatalog; path = Assets.xcassets; sourceTree = "<group>"; };
		8F7BC74C2C5A3A8C00237A52 /* Base */ = {isa = PBXFileReference; lastKnownFileType = file.storyboard; name = Base; path = Base.lproj/LaunchScreen.storyboard; sourceTree = "<group>"; };
		8F7BC74E2C5A3A8C00237A52 /* Info.plist */ = {isa = PBXFileReference; lastKnownFileType = text.plist.xml; path = Info.plist; sourceTree = "<group>"; };
		8F7BC74F2C5A3A8C00237A52 /* main.m */ = {isa = PBXFileReference; lastKnownFileType = sourcecode.c.objc; path = main.m; sourceTree = "<group>"; };
		8F7BC7552C5A3A8C00237A52 /* RentalGamingTests.xctest */ = {isa = PBXFileReference; explicitFileType = wrapper.cfbundle; includeInIndex = 0; path = RentalGamingTests.xctest; sourceTree = BUILT_PRODUCTS_DIR; };
		8F7BC7592C5A3A8C00237A52 /* RentalGamingTests.m */ = {isa = PBXFileReference; lastKnownFileType = sourcecode.c.objc; path = RentalGamingTests.m; sourceTree = "<group>"; };
		8F7BC75F2C5A3A8C00237A52 /* RentalGamingUITests.xctest */ = {isa = PBXFileReference; explicitFileType = wrapper.cfbundle; includeInIndex = 0; path = RentalGamingUITests.xctest; sourceTree = BUILT_PRODUCTS_DIR; };
		8F7BC7632C5A3A8C00237A52 /* RentalGamingUITests.m */ = {isa = PBXFileReference; lastKnownFileType = sourcecode.c.objc; path = RentalGamingUITests.m; sourceTree = "<group>"; };
		8F7BC7652C5A3A8C00237A52 /* RentalGamingUITestsLaunchTests.m */ = {isa = PBXFileReference; lastKnownFileType = sourcecode.c.objc; path = RentalGamingUITestsLaunchTests.m; sourceTree = "<group>"; };
		8FBFB6D72C5A5EB60042FA0A /* HomeViewController.h */ = {isa = PBXFileReference; lastKnownFileType = sourcecode.c.h; path = HomeViewController.h; sourceTree = "<group>"; };
		8FBFB6D82C5A5EB60042FA0A /* HomeViewController.m */ = {isa = PBXFileReference; lastKnownFileType = sourcecode.c.objc; path = HomeViewController.m; sourceTree = "<group>"; };
		8FBFB6DA2C5A5EBE0042FA0A /* HotViewController.h */ = {isa = PBXFileReference; lastKnownFileType = sourcecode.c.h; path = HotViewController.h; sourceTree = "<group>"; };
		8FBFB6DB2C5A5EBE0042FA0A /* HotViewController.m */ = {isa = PBXFileReference; lastKnownFileType = sourcecode.c.objc; path = HotViewController.m; sourceTree = "<group>"; };
		8FBFB6E22C5A5F150042FA0A /* CartViewController.h */ = {isa = PBXFileReference; lastKnownFileType = sourcecode.c.h; path = CartViewController.h; sourceTree = "<group>"; };
		8FBFB6E32C5A5F150042FA0A /* CartViewController.m */ = {isa = PBXFileReference; lastKnownFileType = sourcecode.c.objc; path = CartViewController.m; sourceTree = "<group>"; };
		8FBFB6E52C5A5F1D0042FA0A /* MeViewController.h */ = {isa = PBXFileReference; lastKnownFileType = sourcecode.c.h; path = MeViewController.h; sourceTree = "<group>"; };
		8FBFB6E62C5A5F1D0042FA0A /* MeViewController.m */ = {isa = PBXFileReference; lastKnownFileType = sourcecode.c.objc; path = MeViewController.m; sourceTree = "<group>"; };
		8FBFB6E92C5A60B70042FA0A /* TabBarViewController.h */ = {isa = PBXFileReference; lastKnownFileType = sourcecode.c.h; path = TabBarViewController.h; sourceTree = "<group>"; };
		8FBFB6EA2C5A60B70042FA0A /* TabBarViewController.m */ = {isa = PBXFileReference; lastKnownFileType = sourcecode.c.objc; path = TabBarViewController.m; sourceTree = "<group>"; };
		8FBFB6ED2C5A63B00042FA0A /* PrefixHeader.pch */ = {isa = PBXFileReference; lastKnownFileType = sourcecode.c.h; path = PrefixHeader.pch; sourceTree = "<group>"; };
		8FBFB6F82C5BC33D0042FA0A /* HomeRecommendCell.h */ = {isa = PBXFileReference; lastKnownFileType = sourcecode.c.h; path = HomeRecommendCell.h; sourceTree = "<group>"; };
		8FBFB6F92C5BC33D0042FA0A /* HomeRecommendCell.m */ = {isa = PBXFileReference; lastKnownFileType = sourcecode.c.objc; path = HomeRecommendCell.m; sourceTree = "<group>"; };
		8FBFB6FB2C5BC34C0042FA0A /* HomeCustomizeCell.h */ = {isa = PBXFileReference; lastKnownFileType = sourcecode.c.h; path = HomeCustomizeCell.h; sourceTree = "<group>"; };
		8FBFB6FC2C5BC34C0042FA0A /* HomeCustomizeCell.m */ = {isa = PBXFileReference; lastKnownFileType = sourcecode.c.objc; path = HomeCustomizeCell.m; sourceTree = "<group>"; };
		9684C34F95D748B02D0C8AF9 /* Pods-RentalGamingTests.release.xcconfig */ = {isa = PBXFileReference; includeInIndex = 1; lastKnownFileType = text.xcconfig; name = "Pods-RentalGamingTests.release.xcconfig"; path = "Target Support Files/Pods-RentalGamingTests/Pods-RentalGamingTests.release.xcconfig"; sourceTree = "<group>"; };
		AC03783FAD5FC34F6CAEE9D8 /* Pods-RentalGaming.release.xcconfig */ = {isa = PBXFileReference; includeInIndex = 1; lastKnownFileType = text.xcconfig; name = "Pods-RentalGaming.release.xcconfig"; path = "Target Support Files/Pods-RentalGaming/Pods-RentalGaming.release.xcconfig"; sourceTree = "<group>"; };
		B6403305375C022CFD1525B2 /* libPods-RentalGaming.a */ = {isa = PBXFileReference; explicitFileType = archive.ar; includeInIndex = 0; path = "libPods-RentalGaming.a"; sourceTree = BUILT_PRODUCTS_DIR; };
/* End PBXFileReference section */

/* Begin PBXFrameworksBuildPhase section */
		8F7BC7372C5A3A8A00237A52 /* Frameworks */ = {
			isa = PBXFrameworksBuildPhase;
			buildActionMask = 2147483647;
			files = (
				01E16E14FAD4B31961752D8A /* libPods-RentalGaming.a in Frameworks */,
			);
			runOnlyForDeploymentPostprocessing = 0;
		};
		8F7BC7522C5A3A8C00237A52 /* Frameworks */ = {
			isa = PBXFrameworksBuildPhase;
			buildActionMask = 2147483647;
			files = (
				233CEE3B5ECD28909337F3C2 /* libPods-RentalGamingTests.a in Frameworks */,
			);
			runOnlyForDeploymentPostprocessing = 0;
		};
		8F7BC75C2C5A3A8C00237A52 /* Frameworks */ = {
			isa = PBXFrameworksBuildPhase;
			buildActionMask = 2147483647;
			files = (
				38FF7E1A89E785A9BED7B03D /* libPods-RentalGaming-RentalGamingUITests.a in Frameworks */,
			);
			runOnlyForDeploymentPostprocessing = 0;
		};
/* End PBXFrameworksBuildPhase section */

/* Begin PBXGroup section */
		84609BEF5C390D61EAF555C2 /* Pods */ = {
			isa = PBXGroup;
			children = (
				01AC2134F414CA8FA9E71610 /* Pods-RentalGaming.debug.xcconfig */,
				AC03783FAD5FC34F6CAEE9D8 /* Pods-RentalGaming.release.xcconfig */,
				29BF5175149D19D1C385B04C /* Pods-RentalGaming-RentalGamingUITests.debug.xcconfig */,
				0FC6782B59BA967313C42AAB /* Pods-RentalGaming-RentalGamingUITests.release.xcconfig */,
				42BD56315D437FFB3CE5432B /* Pods-RentalGamingTests.debug.xcconfig */,
				9684C34F95D748B02D0C8AF9 /* Pods-RentalGamingTests.release.xcconfig */,
			);
			path = Pods;
			sourceTree = "<group>";
		};
		8F7BC7312C5A3A8A00237A52 = {
			isa = PBXGroup;
			children = (
				8F7BC73C2C5A3A8A00237A52 /* RentalGaming */,
				8F7BC7582C5A3A8C00237A52 /* RentalGamingTests */,
				8F7BC7622C5A3A8C00237A52 /* RentalGamingUITests */,
				8F7BC73B2C5A3A8A00237A52 /* Products */,
				84609BEF5C390D61EAF555C2 /* Pods */,
				EFB95E10F955680FDB989A65 /* Frameworks */,
			);
			sourceTree = "<group>";
		};
		8F7BC73B2C5A3A8A00237A52 /* Products */ = {
			isa = PBXGroup;
			children = (
				8F7BC73A2C5A3A8A00237A52 /* RentalGaming.app */,
				8F7BC7552C5A3A8C00237A52 /* RentalGamingTests.xctest */,
				8F7BC75F2C5A3A8C00237A52 /* RentalGamingUITests.xctest */,
			);
			name = Products;
			sourceTree = "<group>";
		};
		8F7BC73C2C5A3A8A00237A52 /* RentalGaming */ = {
			isa = PBXGroup;
			children = (
				8F7BC73D2C5A3A8A00237A52 /* AppDelegate.h */,
				8F7BC73E2C5A3A8A00237A52 /* AppDelegate.m */,
				8F7BC7402C5A3A8A00237A52 /* SceneDelegate.h */,
				8F7BC7412C5A3A8A00237A52 /* SceneDelegate.m */,
				8FBFB6ED2C5A63B00042FA0A /* PrefixHeader.pch */,
				8FBFB6E82C5A60A50042FA0A /* Base */,
				8FBFB6DD2C5A5ED10042FA0A /* Home */,
				8FBFB6DE2C5A5EE50042FA0A /* Hot */,
				8FBFB6E02C5A5EFE0042FA0A /* Cart */,
				8FBFB6E12C5A5F060042FA0A /* Me */,
				8F7BC7462C5A3A8A00237A52 /* Main.storyboard */,
				8F7BC7492C5A3A8C00237A52 /* Assets.xcassets */,
				8F7BC74B2C5A3A8C00237A52 /* LaunchScreen.storyboard */,
				8F7BC74E2C5A3A8C00237A52 /* Info.plist */,
				8F7BC74F2C5A3A8C00237A52 /* main.m */,
			);
			path = RentalGaming;
			sourceTree = "<group>";
		};
		8F7BC7582C5A3A8C00237A52 /* RentalGamingTests */ = {
			isa = PBXGroup;
			children = (
				8F7BC7592C5A3A8C00237A52 /* RentalGamingTests.m */,
			);
			path = RentalGamingTests;
			sourceTree = "<group>";
		};
		8F7BC7622C5A3A8C00237A52 /* RentalGamingUITests */ = {
			isa = PBXGroup;
			children = (
				8F7BC7632C5A3A8C00237A52 /* RentalGamingUITests.m */,
				8F7BC7652C5A3A8C00237A52 /* RentalGamingUITestsLaunchTests.m */,
			);
			path = RentalGamingUITests;
			sourceTree = "<group>";
		};
		8FBFB6DD2C5A5ED10042FA0A /* Home */ = {
			isa = PBXGroup;
			children = (
				8FBFB6D72C5A5EB60042FA0A /* HomeViewController.h */,
				8FBFB6D82C5A5EB60042FA0A /* HomeViewController.m */,
				8FBFB6EE2C5BAC2E0042FA0A /* View */,
			);
			path = Home;
			sourceTree = "<group>";
		};
		8FBFB6DE2C5A5EE50042FA0A /* Hot */ = {
			isa = PBXGroup;
			children = (
				8FBFB6DA2C5A5EBE0042FA0A /* HotViewController.h */,
				8FBFB6DB2C5A5EBE0042FA0A /* HotViewController.m */,
			);
			path = Hot;
			sourceTree = "<group>";
		};
		8FBFB6E02C5A5EFE0042FA0A /* Cart */ = {
			isa = PBXGroup;
			children = (
				8FBFB6E22C5A5F150042FA0A /* CartViewController.h */,
				8FBFB6E32C5A5F150042FA0A /* CartViewController.m */,
			);
			path = Cart;
			sourceTree = "<group>";
		};
		8FBFB6E12C5A5F060042FA0A /* Me */ = {
			isa = PBXGroup;
			children = (
				8FBFB6E52C5A5F1D0042FA0A /* MeViewController.h */,
				8FBFB6E62C5A5F1D0042FA0A /* MeViewController.m */,
			);
			path = Me;
			sourceTree = "<group>";
		};
		8FBFB6E82C5A60A50042FA0A /* Base */ = {
			isa = PBXGroup;
			children = (
				8FBFB6E92C5A60B70042FA0A /* TabBarViewController.h */,
				8FBFB6EA2C5A60B70042FA0A /* TabBarViewController.m */,
			);
			path = Base;
			sourceTree = "<group>";
		};
		8FBFB6EE2C5BAC2E0042FA0A /* View */ = {
			isa = PBXGroup;
			children = (
				8FBFB6FB2C5BC34C0042FA0A /* HomeCustomizeCell.h */,
				8FBFB6FC2C5BC34C0042FA0A /* HomeCustomizeCell.m */,
				8FBFB6F82C5BC33D0042FA0A /* HomeRecommendCell.h */,
				8FBFB6F92C5BC33D0042FA0A /* HomeRecommendCell.m */,
			);
			path = View;
			sourceTree = "<group>";
		};
		EFB95E10F955680FDB989A65 /* Frameworks */ = {
			isa = PBXGroup;
			children = (
				B6403305375C022CFD1525B2 /* libPods-RentalGaming.a */,
				1F43571F6D529FD0A386D4CF /* libPods-RentalGaming-RentalGamingUITests.a */,
				6B88D20343CA21E0F68C839B /* libPods-RentalGamingTests.a */,
			);
			name = Frameworks;
			sourceTree = "<group>";
		};
/* End PBXGroup section */

/* Begin PBXNativeTarget section */
		8F7BC7392C5A3A8A00237A52 /* RentalGaming */ = {
			isa = PBXNativeTarget;
			buildConfigurationList = 8F7BC7692C5A3A8C00237A52 /* Build configuration list for PBXNativeTarget "RentalGaming" */;
			buildPhases = (
				D4ABBB90F71590CB53639F2B /* [CP] Check Pods Manifest.lock */,
				8F7BC7362C5A3A8A00237A52 /* Sources */,
				8F7BC7372C5A3A8A00237A52 /* Frameworks */,
				8F7BC7382C5A3A8A00237A52 /* Resources */,
			);
			buildRules = (
			);
			dependencies = (
			);
			name = RentalGaming;
			productName = RentalGaming;
			productReference = 8F7BC73A2C5A3A8A00237A52 /* RentalGaming.app */;
			productType = "com.apple.product-type.application";
		};
		8F7BC7542C5A3A8C00237A52 /* RentalGamingTests */ = {
			isa = PBXNativeTarget;
			buildConfigurationList = 8F7BC76C2C5A3A8C00237A52 /* Build configuration list for PBXNativeTarget "RentalGamingTests" */;
			buildPhases = (
				2D2B977F4E629714666D7F92 /* [CP] Check Pods Manifest.lock */,
				8F7BC7512C5A3A8C00237A52 /* Sources */,
				8F7BC7522C5A3A8C00237A52 /* Frameworks */,
				8F7BC7532C5A3A8C00237A52 /* Resources */,
			);
			buildRules = (
			);
			dependencies = (
				8F7BC7572C5A3A8C00237A52 /* PBXTargetDependency */,
			);
			name = RentalGamingTests;
			productName = RentalGamingTests;
			productReference = 8F7BC7552C5A3A8C00237A52 /* RentalGamingTests.xctest */;
			productType = "com.apple.product-type.bundle.unit-test";
		};
		8F7BC75E2C5A3A8C00237A52 /* RentalGamingUITests */ = {
			isa = PBXNativeTarget;
			buildConfigurationList = 8F7BC76F2C5A3A8C00237A52 /* Build configuration list for PBXNativeTarget "RentalGamingUITests" */;
			buildPhases = (
				7A5563CA849111AA0C06D9AA /* [CP] Check Pods Manifest.lock */,
				8F7BC75B2C5A3A8C00237A52 /* Sources */,
				8F7BC75C2C5A3A8C00237A52 /* Frameworks */,
				8F7BC75D2C5A3A8C00237A52 /* Resources */,
			);
			buildRules = (
			);
			dependencies = (
				8F7BC7612C5A3A8C00237A52 /* PBXTargetDependency */,
			);
			name = RentalGamingUITests;
			productName = RentalGamingUITests;
			productReference = 8F7BC75F2C5A3A8C00237A52 /* RentalGamingUITests.xctest */;
			productType = "com.apple.product-type.bundle.ui-testing";
		};
/* End PBXNativeTarget section */

/* Begin PBXProject section */
		8F7BC7322C5A3A8A00237A52 /* Project object */ = {
			isa = PBXProject;
			attributes = {
				BuildIndependentTargetsInParallel = 1;
				LastUpgradeCheck = 1530;
				TargetAttributes = {
					8F7BC7392C5A3A8A00237A52 = {
						CreatedOnToolsVersion = 15.3;
					};
					8F7BC7542C5A3A8C00237A52 = {
						CreatedOnToolsVersion = 15.3;
						TestTargetID = 8F7BC7392C5A3A8A00237A52;
					};
					8F7BC75E2C5A3A8C00237A52 = {
						CreatedOnToolsVersion = 15.3;
						TestTargetID = 8F7BC7392C5A3A8A00237A52;
					};
				};
			};
			buildConfigurationList = 8F7BC7352C5A3A8A00237A52 /* Build configuration list for PBXProject "RentalGaming" */;
			compatibilityVersion = "Xcode 14.0";
			developmentRegion = en;
			hasScannedForEncodings = 0;
			knownRegions = (
				en,
				Base,
			);
			mainGroup = 8F7BC7312C5A3A8A00237A52;
			productRefGroup = 8F7BC73B2C5A3A8A00237A52 /* Products */;
			projectDirPath = "";
			projectRoot = "";
			targets = (
				8F7BC7392C5A3A8A00237A52 /* RentalGaming */,
				8F7BC7542C5A3A8C00237A52 /* RentalGamingTests */,
				8F7BC75E2C5A3A8C00237A52 /* RentalGamingUITests */,
			);
		};
/* End PBXProject section */

/* Begin PBXResourcesBuildPhase section */
		8F7BC7382C5A3A8A00237A52 /* Resources */ = {
			isa = PBXResourcesBuildPhase;
			buildActionMask = 2147483647;
			files = (
				8F7BC74A2C5A3A8C00237A52 /* Assets.xcassets in Resources */,
				8F7BC74D2C5A3A8C00237A52 /* Base in Resources */,
				8F7BC7482C5A3A8A00237A52 /* Base in Resources */,
			);
			runOnlyForDeploymentPostprocessing = 0;
		};
		8F7BC7532C5A3A8C00237A52 /* Resources */ = {
			isa = PBXResourcesBuildPhase;
			buildActionMask = 2147483647;
			files = (
			);
			runOnlyForDeploymentPostprocessing = 0;
		};
		8F7BC75D2C5A3A8C00237A52 /* Resources */ = {
			isa = PBXResourcesBuildPhase;
			buildActionMask = 2147483647;
			files = (
			);
			runOnlyForDeploymentPostprocessing = 0;
		};
/* End PBXResourcesBuildPhase section */

/* Begin PBXShellScriptBuildPhase section */
		2D2B977F4E629714666D7F92 /* [CP] Check Pods Manifest.lock */ = {
			isa = PBXShellScriptBuildPhase;
			buildActionMask = 2147483647;
			files = (
			);
			inputFileListPaths = (
			);
			inputPaths = (
				"${PODS_PODFILE_DIR_PATH}/Podfile.lock",
				"${PODS_ROOT}/Manifest.lock",
			);
			name = "[CP] Check Pods Manifest.lock";
			outputFileListPaths = (
			);
			outputPaths = (
				"$(DERIVED_FILE_DIR)/Pods-RentalGamingTests-checkManifestLockResult.txt",
			);
			runOnlyForDeploymentPostprocessing = 0;
			shellPath = /bin/sh;
			shellScript = "diff \"${PODS_PODFILE_DIR_PATH}/Podfile.lock\" \"${PODS_ROOT}/Manifest.lock\" > /dev/null\nif [ $? != 0 ] ; then\n    # print error to STDERR\n    echo \"error: The sandbox is not in sync with the Podfile.lock. Run 'pod install' or update your CocoaPods installation.\" >&2\n    exit 1\nfi\n# This output is used by Xcode 'outputs' to avoid re-running this script phase.\necho \"SUCCESS\" > \"${SCRIPT_OUTPUT_FILE_0}\"\n";
			showEnvVarsInLog = 0;
		};
		7A5563CA849111AA0C06D9AA /* [CP] Check Pods Manifest.lock */ = {
			isa = PBXShellScriptBuildPhase;
			buildActionMask = 2147483647;
			files = (
			);
			inputFileListPaths = (
			);
			inputPaths = (
				"${PODS_PODFILE_DIR_PATH}/Podfile.lock",
				"${PODS_ROOT}/Manifest.lock",
			);
			name = "[CP] Check Pods Manifest.lock";
			outputFileListPaths = (
			);
			outputPaths = (
				"$(DERIVED_FILE_DIR)/Pods-RentalGaming-RentalGamingUITests-checkManifestLockResult.txt",
			);
			runOnlyForDeploymentPostprocessing = 0;
			shellPath = /bin/sh;
			shellScript = "diff \"${PODS_PODFILE_DIR_PATH}/Podfile.lock\" \"${PODS_ROOT}/Manifest.lock\" > /dev/null\nif [ $? != 0 ] ; then\n    # print error to STDERR\n    echo \"error: The sandbox is not in sync with the Podfile.lock. Run 'pod install' or update your CocoaPods installation.\" >&2\n    exit 1\nfi\n# This output is used by Xcode 'outputs' to avoid re-running this script phase.\necho \"SUCCESS\" > \"${SCRIPT_OUTPUT_FILE_0}\"\n";
			showEnvVarsInLog = 0;
		};
		D4ABBB90F71590CB53639F2B /* [CP] Check Pods Manifest.lock */ = {
			isa = PBXShellScriptBuildPhase;
			buildActionMask = 2147483647;
			files = (
			);
			inputFileListPaths = (
			);
			inputPaths = (
				"${PODS_PODFILE_DIR_PATH}/Podfile.lock",
				"${PODS_ROOT}/Manifest.lock",
			);
			name = "[CP] Check Pods Manifest.lock";
			outputFileListPaths = (
			);
			outputPaths = (
				"$(DERIVED_FILE_DIR)/Pods-RentalGaming-checkManifestLockResult.txt",
			);
			runOnlyForDeploymentPostprocessing = 0;
			shellPath = /bin/sh;
			shellScript = "diff \"${PODS_PODFILE_DIR_PATH}/Podfile.lock\" \"${PODS_ROOT}/Manifest.lock\" > /dev/null\nif [ $? != 0 ] ; then\n    # print error to STDERR\n    echo \"error: The sandbox is not in sync with the Podfile.lock. Run 'pod install' or update your CocoaPods installation.\" >&2\n    exit 1\nfi\n# This output is used by Xcode 'outputs' to avoid re-running this script phase.\necho \"SUCCESS\" > \"${SCRIPT_OUTPUT_FILE_0}\"\n";
			showEnvVarsInLog = 0;
		};
/* End PBXShellScriptBuildPhase section */

/* Begin PBXSourcesBuildPhase section */
		8F7BC7362C5A3A8A00237A52 /* Sources */ = {
			isa = PBXSourcesBuildPhase;
			buildActionMask = 2147483647;
			files = (
				8FBFB6DC2C5A5EBE0042FA0A /* HotViewController.m in Sources */,
				8FBFB6FA2C5BC33D0042FA0A /* HomeRecommendCell.m in Sources */,
				8F7BC73F2C5A3A8A00237A52 /* AppDelegate.m in Sources */,
				8F7BC7502C5A3A8C00237A52 /* main.m in Sources */,
				8FBFB6D92C5A5EB60042FA0A /* HomeViewController.m in Sources */,
				8FBFB6EB2C5A60B70042FA0A /* TabBarViewController.m in Sources */,
				8FBFB6E42C5A5F150042FA0A /* CartViewController.m in Sources */,
				8FBFB6E72C5A5F1D0042FA0A /* MeViewController.m in Sources */,
				8FBFB6FD2C5BC34C0042FA0A /* HomeCustomizeCell.m in Sources */,
				8F7BC7422C5A3A8A00237A52 /* SceneDelegate.m in Sources */,
			);
			runOnlyForDeploymentPostprocessing = 0;
		};
		8F7BC7512C5A3A8C00237A52 /* Sources */ = {
			isa = PBXSourcesBuildPhase;
			buildActionMask = 2147483647;
			files = (
				8F7BC75A2C5A3A8C00237A52 /* RentalGamingTests.m in Sources */,
			);
			runOnlyForDeploymentPostprocessing = 0;
		};
		8F7BC75B2C5A3A8C00237A52 /* Sources */ = {
			isa = PBXSourcesBuildPhase;
			buildActionMask = 2147483647;
			files = (
				8F7BC7662C5A3A8C00237A52 /* RentalGamingUITestsLaunchTests.m in Sources */,
				8F7BC7642C5A3A8C00237A52 /* RentalGamingUITests.m in Sources */,
			);
			runOnlyForDeploymentPostprocessing = 0;
		};
/* End PBXSourcesBuildPhase section */

/* Begin PBXTargetDependency section */
		8F7BC7572C5A3A8C00237A52 /* PBXTargetDependency */ = {
			isa = PBXTargetDependency;
			target = 8F7BC7392C5A3A8A00237A52 /* RentalGaming */;
			targetProxy = 8F7BC7562C5A3A8C00237A52 /* PBXContainerItemProxy */;
		};
		8F7BC7612C5A3A8C00237A52 /* PBXTargetDependency */ = {
			isa = PBXTargetDependency;
			target = 8F7BC7392C5A3A8A00237A52 /* RentalGaming */;
			targetProxy = 8F7BC7602C5A3A8C00237A52 /* PBXContainerItemProxy */;
		};
/* End PBXTargetDependency section */

/* Begin PBXVariantGroup section */
		8F7BC7462C5A3A8A00237A52 /* Main.storyboard */ = {
			isa = PBXVariantGroup;
			children = (
				8F7BC7472C5A3A8A00237A52 /* Base */,
			);
			name = Main.storyboard;
			sourceTree = "<group>";
		};
		8F7BC74B2C5A3A8C00237A52 /* LaunchScreen.storyboard */ = {
			isa = PBXVariantGroup;
			children = (
				8F7BC74C2C5A3A8C00237A52 /* Base */,
			);
			name = LaunchScreen.storyboard;
			sourceTree = "<group>";
		};
/* End PBXVariantGroup section */

/* Begin XCBuildConfiguration section */
		8F7BC7672C5A3A8C00237A52 /* Debug */ = {
			isa = XCBuildConfiguration;
			buildSettings = {
				ALWAYS_SEARCH_USER_PATHS = NO;
				ASSETCATALOG_COMPILER_GENERATE_SWIFT_ASSET_SYMBOL_EXTENSIONS = YES;
				CLANG_ANALYZER_NONNULL = YES;
				CLANG_ANALYZER_NUMBER_OBJECT_CONVERSION = YES_AGGRESSIVE;
				CLANG_CXX_LANGUAGE_STANDARD = "gnu++20";
				CLANG_ENABLE_MODULES = YES;
				CLANG_ENABLE_OBJC_ARC = YES;
				CLANG_ENABLE_OBJC_WEAK = YES;
				CLANG_WARN_BLOCK_CAPTURE_AUTORELEASING = YES;
				CLANG_WARN_BOOL_CONVERSION = YES;
				CLANG_WARN_COMMA = YES;
				CLANG_WARN_CONSTANT_CONVERSION = YES;
				CLANG_WARN_DEPRECATED_OBJC_IMPLEMENTATIONS = YES;
				CLANG_WARN_DIRECT_OBJC_ISA_USAGE = YES_ERROR;
				CLANG_WARN_DOCUMENTATION_COMMENTS = YES;
				CLANG_WARN_EMPTY_BODY = YES;
				CLANG_WARN_ENUM_CONVERSION = YES;
				CLANG_WARN_INFINITE_RECURSION = YES;
				CLANG_WARN_INT_CONVERSION = YES;
				CLANG_WARN_NON_LITERAL_NULL_CONVERSION = YES;
				CLANG_WARN_OBJC_IMPLICIT_RETAIN_SELF = YES;
				CLANG_WARN_OBJC_LITERAL_CONVERSION = YES;
				CLANG_WARN_OBJC_ROOT_CLASS = YES_ERROR;
				CLANG_WARN_QUOTED_INCLUDE_IN_FRAMEWORK_HEADER = YES;
				CLANG_WARN_RANGE_LOOP_ANALYSIS = YES;
				CLANG_WARN_STRICT_PROTOTYPES = YES;
				CLANG_WARN_SUSPICIOUS_MOVE = YES;
				CLANG_WARN_UNGUARDED_AVAILABILITY = YES_AGGRESSIVE;
				CLANG_WARN_UNREACHABLE_CODE = YES;
				CLANG_WARN__DUPLICATE_METHOD_MATCH = YES;
				COPY_PHASE_STRIP = NO;
				DEBUG_INFORMATION_FORMAT = dwarf;
				ENABLE_STRICT_OBJC_MSGSEND = YES;
				ENABLE_TESTABILITY = YES;
				ENABLE_USER_SCRIPT_SANDBOXING = YES;
				GCC_C_LANGUAGE_STANDARD = gnu17;
				GCC_DYNAMIC_NO_PIC = NO;
				GCC_NO_COMMON_BLOCKS = YES;
				GCC_OPTIMIZATION_LEVEL = 0;
				GCC_PREPROCESSOR_DEFINITIONS = (
					"DEBUG=1",
					"$(inherited)",
				);
				GCC_WARN_64_TO_32_BIT_CONVERSION = YES;
				GCC_WARN_ABOUT_RETURN_TYPE = YES_ERROR;
				GCC_WARN_UNDECLARED_SELECTOR = YES;
				GCC_WARN_UNINITIALIZED_AUTOS = YES_AGGRESSIVE;
				GCC_WARN_UNUSED_FUNCTION = YES;
				GCC_WARN_UNUSED_VARIABLE = YES;
				IPHONEOS_DEPLOYMENT_TARGET = 17.4;
				LOCALIZATION_PREFERS_STRING_CATALOGS = YES;
				MTL_ENABLE_DEBUG_INFO = INCLUDE_SOURCE;
				MTL_FAST_MATH = YES;
				ONLY_ACTIVE_ARCH = YES;
				SDKROOT = iphoneos;
			};
			name = Debug;
		};
		8F7BC7682C5A3A8C00237A52 /* Release */ = {
			isa = XCBuildConfiguration;
			buildSettings = {
				ALWAYS_SEARCH_USER_PATHS = NO;
				ASSETCATALOG_COMPILER_GENERATE_SWIFT_ASSET_SYMBOL_EXTENSIONS = YES;
				CLANG_ANALYZER_NONNULL = YES;
				CLANG_ANALYZER_NUMBER_OBJECT_CONVERSION = YES_AGGRESSIVE;
				CLANG_CXX_LANGUAGE_STANDARD = "gnu++20";
				CLANG_ENABLE_MODULES = YES;
				CLANG_ENABLE_OBJC_ARC = YES;
				CLANG_ENABLE_OBJC_WEAK = YES;
				CLANG_WARN_BLOCK_CAPTURE_AUTORELEASING = YES;
				CLANG_WARN_BOOL_CONVERSION = YES;
				CLANG_WARN_COMMA = YES;
				CLANG_WARN_CONSTANT_CONVERSION = YES;
				CLANG_WARN_DEPRECATED_OBJC_IMPLEMENTATIONS = YES;
				CLANG_WARN_DIRECT_OBJC_ISA_USAGE = YES_ERROR;
				CLANG_WARN_DOCUMENTATION_COMMENTS = YES;
				CLANG_WARN_EMPTY_BODY = YES;
				CLANG_WARN_ENUM_CONVERSION = YES;
				CLANG_WARN_INFINITE_RECURSION = YES;
				CLANG_WARN_INT_CONVERSION = YES;
				CLANG_WARN_NON_LITERAL_NULL_CONVERSION = YES;
				CLANG_WARN_OBJC_IMPLICIT_RETAIN_SELF = YES;
				CLANG_WARN_OBJC_LITERAL_CONVERSION = YES;
				CLANG_WARN_OBJC_ROOT_CLASS = YES_ERROR;
				CLANG_WARN_QUOTED_INCLUDE_IN_FRAMEWORK_HEADER = YES;
				CLANG_WARN_RANGE_LOOP_ANALYSIS = YES;
				CLANG_WARN_STRICT_PROTOTYPES = YES;
				CLANG_WARN_SUSPICIOUS_MOVE = YES;
				CLANG_WARN_UNGUARDED_AVAILABILITY = YES_AGGRESSIVE;
				CLANG_WARN_UNREACHABLE_CODE = YES;
				CLANG_WARN__DUPLICATE_METHOD_MATCH = YES;
				COPY_PHASE_STRIP = NO;
				DEBUG_INFORMATION_FORMAT = "dwarf-with-dsym";
				ENABLE_NS_ASSERTIONS = NO;
				ENABLE_STRICT_OBJC_MSGSEND = YES;
				ENABLE_USER_SCRIPT_SANDBOXING = YES;
				GCC_C_LANGUAGE_STANDARD = gnu17;
				GCC_NO_COMMON_BLOCKS = YES;
				GCC_WARN_64_TO_32_BIT_CONVERSION = YES;
				GCC_WARN_ABOUT_RETURN_TYPE = YES_ERROR;
				GCC_WARN_UNDECLARED_SELECTOR = YES;
				GCC_WARN_UNINITIALIZED_AUTOS = YES_AGGRESSIVE;
				GCC_WARN_UNUSED_FUNCTION = YES;
				GCC_WARN_UNUSED_VARIABLE = YES;
				IPHONEOS_DEPLOYMENT_TARGET = 17.4;
				LOCALIZATION_PREFERS_STRING_CATALOGS = YES;
				MTL_ENABLE_DEBUG_INFO = NO;
				MTL_FAST_MATH = YES;
				SDKROOT = iphoneos;
				VALIDATE_PRODUCT = YES;
			};
			name = Release;
		};
		8F7BC76A2C5A3A8C00237A52 /* Debug */ = {
			isa = XCBuildConfiguration;
			baseConfigurationReference = 01AC2134F414CA8FA9E71610 /* Pods-RentalGaming.debug.xcconfig */;
			buildSettings = {
				ASSETCATALOG_COMPILER_APPICON_NAME = AppIcon;
				ASSETCATALOG_COMPILER_GLOBAL_ACCENT_COLOR_NAME = AccentColor;
				CODE_SIGN_STYLE = Manual;
				CURRENT_PROJECT_VERSION = 1;
				DEVELOPMENT_TEAM = "";
				ENABLE_USER_SCRIPT_SANDBOXING = NO;
				GCC_PRECOMPILE_PREFIX_HEADER = YES;
				GCC_PREFIX_HEADER = "$(SRCROOT)/RentalGaming/PrefixHeader.pch";
				GENERATE_INFOPLIST_FILE = YES;
				INFOPLIST_FILE = RentalGaming/Info.plist;
				INFOPLIST_KEY_UIApplicationSupportsIndirectInputEvents = YES;
				INFOPLIST_KEY_UILaunchStoryboardName = LaunchScreen;
				INFOPLIST_KEY_UIMainStoryboardFile = Main;
				INFOPLIST_KEY_UISupportedInterfaceOrientations_iPad = "UIInterfaceOrientationPortrait UIInterfaceOrientationPortraitUpsideDown UIInterfaceOrientationLandscapeLeft UIInterfaceOrientationLandscapeRight";
				INFOPLIST_KEY_UISupportedInterfaceOrientations_iPhone = "UIInterfaceOrientationPortrait UIInterfaceOrientationLandscapeLeft UIInterfaceOrientationLandscapeRight";
				LD_RUNPATH_SEARCH_PATHS = (
					"$(inherited)",
					"@executable_path/Frameworks",
				);
				MARKETING_VERSION = 1.0;
				PRODUCT_BUNDLE_IDENTIFIER = com.czx.RentalGaming;
				PRODUCT_NAME = "$(TARGET_NAME)";
				PROVISIONING_PROFILE_SPECIFIER = "";
				SWIFT_EMIT_LOC_STRINGS = YES;
				TARGETED_DEVICE_FAMILY = "1,2";
			};
			name = Debug;
		};
		8F7BC76B2C5A3A8C00237A52 /* Release */ = {
			isa = XCBuildConfiguration;
			baseConfigurationReference = AC03783FAD5FC34F6CAEE9D8 /* Pods-RentalGaming.release.xcconfig */;
			buildSettings = {
				ASSETCATALOG_COMPILER_APPICON_NAME = AppIcon;
				ASSETCATALOG_COMPILER_GLOBAL_ACCENT_COLOR_NAME = AccentColor;
				CODE_SIGN_STYLE = Manual;
				CURRENT_PROJECT_VERSION = 1;
				DEVELOPMENT_TEAM = "";
				ENABLE_USER_SCRIPT_SANDBOXING = NO;
				GCC_PRECOMPILE_PREFIX_HEADER = YES;
				GCC_PREFIX_HEADER = "$(SRCROOT)/RentalGaming/PrefixHeader.pch";
				GENERATE_INFOPLIST_FILE = YES;
				INFOPLIST_FILE = RentalGaming/Info.plist;
				INFOPLIST_KEY_UIApplicationSupportsIndirectInputEvents = YES;
				INFOPLIST_KEY_UILaunchStoryboardName = LaunchScreen;
				INFOPLIST_KEY_UIMainStoryboardFile = Main;
				INFOPLIST_KEY_UISupportedInterfaceOrientations_iPad = "UIInterfaceOrientationPortrait UIInterfaceOrientationPortraitUpsideDown UIInterfaceOrientationLandscapeLeft UIInterfaceOrientationLandscapeRight";
				INFOPLIST_KEY_UISupportedInterfaceOrientations_iPhone = "UIInterfaceOrientationPortrait UIInterfaceOrientationLandscapeLeft UIInterfaceOrientationLandscapeRight";
				LD_RUNPATH_SEARCH_PATHS = (
					"$(inherited)",
					"@executable_path/Frameworks",
				);
				MARKETING_VERSION = 1.0;
				PRODUCT_BUNDLE_IDENTIFIER = com.czx.RentalGaming;
				PRODUCT_NAME = "$(TARGET_NAME)";
				PROVISIONING_PROFILE_SPECIFIER = "";
				SWIFT_EMIT_LOC_STRINGS = YES;
				TARGETED_DEVICE_FAMILY = "1,2";
			};
			name = Release;
		};
		8F7BC76D2C5A3A8C00237A52 /* Debug */ = {
			isa = XCBuildConfiguration;
			baseConfigurationReference = 42BD56315D437FFB3CE5432B /* Pods-RentalGamingTests.debug.xcconfig */;
			buildSettings = {
				BUNDLE_LOADER = "$(TEST_HOST)";
				CODE_SIGN_STYLE = Automatic;
				CURRENT_PROJECT_VERSION = 1;
				DEVELOPMENT_TEAM = 5XB293ZE6R;
				GENERATE_INFOPLIST_FILE = YES;
				IPHONEOS_DEPLOYMENT_TARGET = 17.4;
				MARKETING_VERSION = 1.0;
				PRODUCT_BUNDLE_IDENTIFIER = com.czx.RentalGamingTests;
				PRODUCT_NAME = "$(TARGET_NAME)";
				SWIFT_EMIT_LOC_STRINGS = NO;
				TARGETED_DEVICE_FAMILY = "1,2";
				TEST_HOST = "$(BUILT_PRODUCTS_DIR)/RentalGaming.app/$(BUNDLE_EXECUTABLE_FOLDER_PATH)/RentalGaming";
			};
			name = Debug;
		};
		8F7BC76E2C5A3A8C00237A52 /* Release */ = {
			isa = XCBuildConfiguration;
			baseConfigurationReference = 9684C34F95D748B02D0C8AF9 /* Pods-RentalGamingTests.release.xcconfig */;
			buildSettings = {
				BUNDLE_LOADER = "$(TEST_HOST)";
				CODE_SIGN_STYLE = Automatic;
				CURRENT_PROJECT_VERSION = 1;
				DEVELOPMENT_TEAM = 5XB293ZE6R;
				GENERATE_INFOPLIST_FILE = YES;
				IPHONEOS_DEPLOYMENT_TARGET = 17.4;
				MARKETING_VERSION = 1.0;
				PRODUCT_BUNDLE_IDENTIFIER = com.czx.RentalGamingTests;
				PRODUCT_NAME = "$(TARGET_NAME)";
				SWIFT_EMIT_LOC_STRINGS = NO;
				TARGETED_DEVICE_FAMILY = "1,2";
				TEST_HOST = "$(BUILT_PRODUCTS_DIR)/RentalGaming.app/$(BUNDLE_EXECUTABLE_FOLDER_PATH)/RentalGaming";
			};
			name = Release;
		};
		8F7BC7702C5A3A8C00237A52 /* Debug */ = {
			isa = XCBuildConfiguration;
			baseConfigurationReference = 29BF5175149D19D1C385B04C /* Pods-RentalGaming-RentalGamingUITests.debug.xcconfig */;
			buildSettings = {
				CODE_SIGN_STYLE = Automatic;
				CURRENT_PROJECT_VERSION = 1;
				DEVELOPMENT_TEAM = 5XB293ZE6R;
				GENERATE_INFOPLIST_FILE = YES;
				MARKETING_VERSION = 1.0;
				PRODUCT_BUNDLE_IDENTIFIER = com.czx.RentalGamingUITests;
				PRODUCT_NAME = "$(TARGET_NAME)";
				SWIFT_EMIT_LOC_STRINGS = NO;
				TARGETED_DEVICE_FAMILY = "1,2";
				TEST_TARGET_NAME = RentalGaming;
			};
			name = Debug;
		};
		8F7BC7712C5A3A8C00237A52 /* Release */ = {
			isa = XCBuildConfiguration;
			baseConfigurationReference = 0FC6782B59BA967313C42AAB /* Pods-RentalGaming-RentalGamingUITests.release.xcconfig */;
			buildSettings = {
				CODE_SIGN_STYLE = Automatic;
				CURRENT_PROJECT_VERSION = 1;
				DEVELOPMENT_TEAM = 5XB293ZE6R;
				GENERATE_INFOPLIST_FILE = YES;
				MARKETING_VERSION = 1.0;
				PRODUCT_BUNDLE_IDENTIFIER = com.czx.RentalGamingUITests;
				PRODUCT_NAME = "$(TARGET_NAME)";
				SWIFT_EMIT_LOC_STRINGS = NO;
				TARGETED_DEVICE_FAMILY = "1,2";
				TEST_TARGET_NAME = RentalGaming;
			};
			name = Release;
		};
/* End XCBuildConfiguration section */

/* Begin XCConfigurationList section */
		8F7BC7352C5A3A8A00237A52 /* Build configuration list for PBXProject "RentalGaming" */ = {
			isa = XCConfigurationList;
			buildConfigurations = (
				8F7BC7672C5A3A8C00237A52 /* Debug */,
				8F7BC7682C5A3A8C00237A52 /* Release */,
			);
			defaultConfigurationIsVisible = 0;
			defaultConfigurationName = Release;
		};
		8F7BC7692C5A3A8C00237A52 /* Build configuration list for PBXNativeTarget "RentalGaming" */ = {
			isa = XCConfigurationList;
			buildConfigurations = (
				8F7BC76A2C5A3A8C00237A52 /* Debug */,
				8F7BC76B2C5A3A8C00237A52 /* Release */,
			);
			defaultConfigurationIsVisible = 0;
			defaultConfigurationName = Release;
		};
		8F7BC76C2C5A3A8C00237A52 /* Build configuration list for PBXNativeTarget "RentalGamingTests" */ = {
			isa = XCConfigurationList;
			buildConfigurations = (
				8F7BC76D2C5A3A8C00237A52 /* Debug */,
				8F7BC76E2C5A3A8C00237A52 /* Release */,
			);
			defaultConfigurationIsVisible = 0;
			defaultConfigurationName = Release;
		};
		8F7BC76F2C5A3A8C00237A52 /* Build configuration list for PBXNativeTarget "RentalGamingUITests" */ = {
			isa = XCConfigurationList;
			buildConfigurations = (
				8F7BC7702C5A3A8C00237A52 /* Debug */,
				8F7BC7712C5A3A8C00237A52 /* Release */,
			);
			defaultConfigurationIsVisible = 0;
			defaultConfigurationName = Release;
		};
/* End XCConfigurationList section */
	};
	rootObject = 8F7BC7322C5A3A8A00237A52 /* Project object */;
}
